// !$*UTF8*$!
{
	archiveVersion = 1;
	classes = {
	};
	objectVersion = 46;
	objects = {

/* Begin PBXBuildFile section */
		126E2C901E67FC48008E00D9 /* AppDelegate.swift in Sources */ = {isa = PBXBuildFile; fileRef = 126E2C8F1E67FC48008E00D9 /* AppDelegate.swift */; };
		126E2C921E67FC48008E00D9 /* ViewController.swift in Sources */ = {isa = PBXBuildFile; fileRef = 126E2C911E67FC48008E00D9 /* ViewController.swift */; };
		126E2C951E67FC48008E00D9 /* Main.storyboard in Resources */ = {isa = PBXBuildFile; fileRef = 126E2C931E67FC48008E00D9 /* Main.storyboard */; };
		126E2C971E67FC48008E00D9 /* Assets.xcassets in Resources */ = {isa = PBXBuildFile; fileRef = 126E2C961E67FC48008E00D9 /* Assets.xcassets */; };
		126E2C9A1E67FC48008E00D9 /* LaunchScreen.storyboard in Resources */ = {isa = PBXBuildFile; fileRef = 126E2C981E67FC48008E00D9 /* LaunchScreen.storyboard */; };
/* End PBXBuildFile section */

/* Begin PBXFileReference section */
		126E2C8C1E67FC48008E00D9 /* grus95_navbar.app */ = {isa = PBXFileReference; explicitFileType = wrapper.application; includeInIndex = 0; path = grus95_navbar.app; sourceTree = BUILT_PRODUCTS_DIR; };
		126E2C8F1E67FC48008E00D9 /* AppDelegate.swift */ = {isa = PBXFileReference; lastKnownFileType = sourcecode.swift; path = AppDelegate.swift; sourceTree = "<group>"; };
		126E2C911E67FC48008E00D9 /* ViewController.swift */ = {isa = PBXFileReference; lastKnownFileType = sourcecode.swift; path = ViewController.swift; sourceTree = "<group>"; };
		126E2C941E67FC48008E00D9 /* Base */ = {isa = PBXFileReference; lastKnownFileType = file.storyboard; name = Base; path = Base.lproj/Main.storyboard; sourceTree = "<group>"; };
		126E2C961E67FC48008E00D9 /* Assets.xcassets */ = {isa = PBXFileReference; lastKnownFileType = folder.assetcatalog; path = Assets.xcassets; sourceTree = "<group>"; };
		126E2C991E67FC48008E00D9 /* Base */ = {isa = PBXFileReference; lastKnownFileType = file.storyboard; name = Base; path = Base.lproj/LaunchScreen.storyboard; sourceTree = "<group>"; };
		126E2C9B1E67FC48008E00D9 /* Info.plist */ = {isa = PBXFileReference; lastKnownFileType = text.plist.xml; path = Info.plist; sourceTree = "<group>"; };
/* End PBXFileReference section */

/* Begin PBXFrameworksBuildPhase section */
		126E2C891E67FC48008E00D9 /* Frameworks */ = {
			isa = PBXFrameworksBuildPhase;
			buildActionMask = 2147483647;
			files = (
			);
			runOnlyForDeploymentPostprocessing = 0;
		};
/* End PBXFrameworksBuildPhase section */

/* Begin PBXGroup section */
		126E2C831E67FC48008E00D9 = {
			isa = PBXGroup;
			children = (
				126E2C8E1E67FC48008E00D9 /* grus95_navbar */,
				126E2C8D1E67FC48008E00D9 /* Products */,
			);
			sourceTree = "<group>";
		};
		126E2C8D1E67FC48008E00D9 /* Products */ = {
			isa = PBXGroup;
			children = (
				126E2C8C1E67FC48008E00D9 /* grus95_navbar.app */,
			);
			name = Products;
			sourceTree = "<group>";
		};
		126E2C8E1E67FC48008E00D9 /* grus95_navbar */ = {
			isa = PBXGroup;
			children = (
				126E2C8F1E67FC48008E00D9 /* AppDelegate.swift */,
				126E2C911E67FC48008E00D9 /* ViewController.swift */,
				126E2C931E67FC48008E00D9 /* Main.storyboard */,
				126E2C961E67FC48008E00D9 /* Assets.xcassets */,
				126E2C981E67FC48008E00D9 /* LaunchScreen.storyboard */,
				126E2C9B1E67FC48008E00D9 /* Info.plist */,
			);
			path = grus95_navbar;
			sourceTree = "<group>";
		};
/* End PBXGroup section */

/* Begin PBXNativeTarget section */
		126E2C8B1E67FC48008E00D9 /* grus95_navbar */ = {
			isa = PBXNativeTarget;
			buildConfigurationList = 126E2C9E1E67FC48008E00D9 /* Build configuration list for PBXNativeTarget "grus95_navbar" */;
			buildPhases = (
				126E2C881E67FC48008E00D9 /* Sources */,
				126E2C891E67FC48008E00D9 /* Frameworks */,
				126E2C8A1E67FC48008E00D9 /* Resources */,
			);
			buildRules = (
			);
			dependencies = (
			);
			name = grus95_navbar;
			productName = grus95_navbar;
			productReference = 126E2C8C1E67FC48008E00D9 /* grus95_navbar.app */;
			productType = "com.apple.product-type.application";
		};
/* End PBXNativeTarget section */

/* Begin PBXProject section */
		126E2C841E67FC48008E00D9 /* Project object */ = {
			isa = PBXProject;
			attributes = {
				LastSwiftUpdateCheck = 0820;
				LastUpgradeCheck = 0820;
				ORGANIZATIONNAME = grus;
				TargetAttributes = {
					126E2C8B1E67FC48008E00D9 = {
						CreatedOnToolsVersion = 8.2.1;
						ProvisioningStyle = Automatic;
					};
				};
			};
			buildConfigurationList = 126E2C871E67FC48008E00D9 /* Build configuration list for PBXProject "grus95_navbar" */;
			compatibilityVersion = "Xcode 3.2";
			developmentRegion = English;
			hasScannedForEncodings = 0;
			knownRegions = (
				en,
				Base,
			);
			mainGroup = 126E2C831E67FC48008E00D9;
			productRefGroup = 126E2C8D1E67FC48008E00D9 /* Products */;
			projectDirPath = "";
			projectRoot = "";
			targets = (
				126E2C8B1E67FC48008E00D9 /* grus95_navbar */,
			);
		};
/* End PBXProject section */

/* Begin PBXResourcesBuildPhase section */
		126E2C8A1E67FC48008E00D9 /* Resources */ = {
			isa = PBXResourcesBuildPhase;
			buildActionMask = 2147483647;
			files = (
				126E2C9A1E67FC48008E00D9 /* LaunchScreen.storyboard in Resources */,
				126E2C971E67FC48008E00D9 /* Assets.xcassets in Resources */,
				126E2C951E67FC48008E00D9 /* Main.storyboard in Resources */,
			);
			runOnlyForDeploymentPostprocessing = 0;
		};
/* End PBXResourcesBuildPhase section */

/* Begin PBXSourcesBuildPhase section */
		126E2C881E67FC48008E00D9 /* Sources */ = {
			isa = PBXSourcesBuildPhase;
			buildActionMask = 2147483647;
			files = (
				126E2C921E67FC48008E00D9 /* ViewController.swift in Sources */,
				126E2C901E67FC48008E00D9 /* AppDelegate.swift in Sources */,
			);
			runOnlyForDeploymentPostprocessing = 0;
		};
/* End PBXSourcesBuildPhase section */

/* Begin PBXVariantGroup section */
		126E2C931E67FC48008E00D9 /* Main.storyboard */ = {
			isa = PBXVariantGroup;
			children = (
				126E2C941E67FC48008E00D9 /* Base */,
			);
			name = Main.storyboard;
			sourceTree = "<group>";
		};
		126E2C981E67FC48008E00D9 /* LaunchScreen.storyboard */ = {
			isa = PBXVariantGroup;
			children = (
				126E2C991E67FC48008E00D9 /* Base */,
			);
			name = LaunchScreen.storyboard;
			sourceTree = "<group>";
		};
/* End PBXVariantGroup section */

/* Begin XCBuildConfiguration section */
		126E2C9C1E67FC48008E00D9 /* Debug */ = {
			isa = XCBuildConfiguration;
			buildSettings = {
				ALWAYS_SEARCH_USER_PATHS = NO;
				CLANG_ANALYZER_NONNULL = YES;
				CLANG_CXX_LANGUAGE_STANDARD = "gnu++0x";
				CLANG_CXX_LIBRARY = "libc++";
				CLANG_ENABLE_MODULES = YES;
				CLANG_ENABLE_OBJC_ARC = YES;
				CLANG_WARN_BOOL_CONVERSION = YES;
				CLANG_WARN_CONSTANT_CONVERSION = YES;
				CLANG_WARN_DIRECT_OBJC_ISA_USAGE = YES_ERROR;
				CLANG_WARN_DOCUMENTATION_COMMENTS = YES;
				CLANG_WARN_EMPTY_BODY = YES;
				CLANG_WARN_ENUM_CONVERSION = YES;
				CLANG_WARN_INFINITE_RECURSION = YES;
				CLANG_WARN_INT_CONVERSION = YES;
				CLANG_WARN_OBJC_ROOT_CLASS = YES_ERROR;
				CLANG_WARN_SUSPICIOUS_MOVE = YES;
				CLANG_WARN_UNREACHABLE_CODE = YES;
				CLANG_WARN__DUPLICATE_METHOD_MATCH = YES;
				"CODE_SIGN_IDENTITY[sdk=iphoneos*]" = "iPhone Developer";
				COPY_PHASE_STRIP = NO;
				DEBUG_INFORMATION_FORMAT = dwarf;
				ENABLE_STRICT_OBJC_MSGSEND = YES;
				ENABLE_TESTABILITY = YES;
				GCC_C_LANGUAGE_STANDARD = gnu99;
				GCC_DYNAMIC_NO_PIC = NO;
				GCC_NO_COMMON_BLOCKS = YES;
				GCC_OPTIMIZATION_LEVEL = 0;
				GCC_PREPROCESSOR_DEFINITIONS = (
					"DEBUG=1",
					"$(inherited)",
				);
				GCC_WARN_64_TO_32_BIT_CONVERSION = YES;
				GCC_WARN_ABOUT_RETURN_TYPE = YES_ERROR;
				GCC_WARN_UNDECLARED_SELECTOR = YES;
				GCC_WARN_UNINITIALIZED_AUTOS = YES_AGGRESSIVE;
				GCC_WARN_UNUSED_FUNCTION = YES;
				GCC_WARN_UNUSED_VARIABLE = YES;
				IPHONEOS_DEPLOYMENT_TARGET = 10.2;
				MTL_ENABLE_DEBUG_INFO = YES;
				ONLY_ACTIVE_ARCH = YES;
				SDKROOT = iphoneos;
				SWIFT_ACTIVE_COMPILATION_CONDITIONS = DEBUG;
				SWIFT_OPTIMIZATION_LEVEL = "-Onone";
				TARGETED_DEVICE_FAMILY = "1,2";
			};
			name = Debug;
		};
		126E2C9D1E67FC48008E00D9 /* Release */ = {
			isa = XCBuildConfiguration;
			buildSettings = {
				ALWAYS_SEARCH_USER_PATHS = NO;
				CLANG_ANALYZER_NONNULL = YES;
				CLANG_CXX_LANGUAGE_STANDARD = "gnu++0x";
				CLANG_CXX_LIBRARY = "libc++";
				CLANG_ENABLE_MODULES = YES;
				CLANG_ENABLE_OBJC_ARC = YES;
				CLANG_WARN_BOOL_CONVERSION = YES;
				CLANG_WARN_CONSTANT_CONVERSION = YES;
				CLANG_WARN_DIRECT_OBJC_ISA_USAGE = YES_ERROR;
				CLANG_WARN_DOCUMENTATION_COMMENTS = YES;
				CLANG_WARN_EMPTY_BODY = YES;
				CLANG_WARN_ENUM_CONVERSION = YES;
				CLANG_WARN_INFINITE_RECURSION = YES;
				CLANG_WARN_INT_CONVERSION = YES;
				CLANG_WARN_OBJC_ROOT_CLASS = YES_ERROR;
				CLANG_WARN_SUSPICIOUS_MOVE = YES;
				CLANG_WARN_UNREACHABLE_CODE = YES;
				CLANG_WARN__DUPLICATE_METHOD_MATCH = YES;
				"CODE_SIGN_IDENTITY[sdk=iphoneos*]" = "iPhone Developer";
				COPY_PHASE_STRIP = NO;
				DEBUG_INFORMATION_FORMAT = "dwarf-with-dsym";
				ENABLE_NS_ASSERTIONS = NO;
				ENABLE_STRICT_OBJC_MSGSEND = YES;
				GCC_C_LANGUAGE_STANDARD = gnu99;
				GCC_NO_COMMON_BLOCKS = YES;
				GCC_WARN_64_TO_32_BIT_CONVERSION = YES;
				GCC_WARN_ABOUT_RETURN_TYPE = YES_ERROR;
				GCC_WARN_UNDECLARED_SELECTOR = YES;
				GCC_WARN_UNINITIALIZED_AUTOS = YES_AGGRESSIVE;
				GCC_WARN_UNUSED_FUNCTION = YES;
				GCC_WARN_UNUSED_VARIABLE = YES;
				IPHONEOS_DEPLOYMENT_TARGET = 10.2;
				MTL_ENABLE_DEBUG_INFO = NO;
				SDKROOT = iphoneos;
				SWIFT_OPTIMIZATION_LEVEL = "-Owholemodule";
				TARGETED_DEVICE_FAMILY = "1,2";
				VALIDATE_PRODUCT = YES;
			};
			name = Release;
		};
		126E2C9F1E67FC48008E00D9 /* Debug */ = {
			isa = XCBuildConfiguration;
			buildSettings = {
				ASSETCATALOG_COMPILER_APPICON_NAME = AppIcon;
				INFOPLIST_FILE = grus95_navbar/Info.plist;
				LD_RUNPATH_SEARCH_PATHS = "$(inherited) @executable_path/Frameworks";
				PRODUCT_BUNDLE_IDENTIFIER = "grus.grus95-navbar";
				PRODUCT_NAME = "$(TARGET_NAME)";
				SWIFT_VERSION = 3.0;
			};
			name = Debug;
		};
		126E2CA01E67FC48008E00D9 /* Release */ = {
			isa = XCBuildConfiguration;
			buildSettings = {
				ASSETCATALOG_COMPILER_APPICON_NAME = AppIcon;
				INFOPLIST_FILE = grus95_navbar/Info.plist;
				LD_RUNPATH_SEARCH_PATHS = "$(inherited) @executable_path/Frameworks";
				PRODUCT_BUNDLE_IDENTIFIER = "grus.grus95-navbar";
				PRODUCT_NAME = "$(TARGET_NAME)";
				SWIFT_VERSION = 3.0;
			};
			name = Release;
		};
/* End XCBuildConfiguration section */

/* Begin XCConfigurationList section */
		126E2C871E67FC48008E00D9 /* Build configuration list for PBXProject "grus95_navbar" */ = {
			isa = XCConfigurationList;
			buildConfigurations = (
				126E2C9C1E67FC48008E00D9 /* Debug */,
				126E2C9D1E67FC48008E00D9 /* Release */,
			);
			defaultConfigurationIsVisible = 0;
			defaultConfigurationName = Release;
		};
		126E2C9E1E67FC48008E00D9 /* Build configuration list for PBXNativeTarget "grus95_navbar" */ = {
			isa = XCConfigurationList;
			buildConfigurations = (
				126E2C9F1E67FC48008E00D9 /* Debug */,
				126E2CA01E67FC48008E00D9 /* Release */,
			);
			defaultConfigurationIsVisible = 0;
		};
/* End XCConfigurationList section */
	};
	rootObject = 126E2C841E67FC48008E00D9 /* Project object */;
}
